
Microsoft Visual Studio Solution File, Format Version 11.00
# Visual Studio 2010
Project("{FAE04EC0-301F-11D3-BF4B-00C04F79EFBC}") = "SevenUpdate.Sdk", "SevenUpdate.Sdk.csproj", "{4B26129F-A390-4C5A-B23A-330353D162E7}"
EndProject
Project("{FAE04EC0-301F-11D3-BF4B-00C04F79EFBC}") = "SevenUpdate.Base", "..\SevenUpdate.Base\SevenUpdate.Base.csproj", "{918773CA-2A8D-4825-9516-DD1B4AFB8B46}"
EndProject
Project("{2150E333-8FDC-42A3-9474-1A3956D46DE8}") = "Externals", "Externals", "{A1E4BCB3-E10C-43B3-B0DD-A2CC65162F7B}"
EndProject
Project("{FAE04EC0-301F-11D3-BF4B-00C04F79EFBC}") = "SharpBits.Base", "..\..\Externals\SharpBits.Base\SharpBits.Base.csproj", "{B39FDB92-7420-487E-8B44-D9BC0B88D857}"
EndProject
Project("{FAE04EC0-301F-11D3-BF4B-00C04F79EFBC}") = "System.Windows", "..\..\Externals\System.Windows\System.Windows.csproj", "{B6A3B046-B13E-4BF5-A141-077E5A12B8C3}"
EndProject
Project("{FAE04EC0-301F-11D3-BF4B-00C04F79EFBC}") = "WPFLocalizeExtension", "..\..\Externals\WPFLocalizeExtension\WPFLocalizeExtension.csproj", "{E8C5B094-2CB4-4C26-87F0-351B03612179}"
EndProject
Project("{FAE04EC0-301F-11D3-BF4B-00C04F79EFBC}") = "SevenUpdate.Sdk.Tools", "..\SevenUpdate.Sdk.Tools\SevenUpdate.Sdk.Tools.csproj", "{AADB4269-0898-4390-A7DA-F834B7C2A41D}"
EndProject
Global
	GlobalSection(SolutionConfigurationPlatforms) = preSolution
		Debug|Any CPU = Debug|Any CPU
		Debug|x86 = Debug|x86
		Release|Any CPU = Release|Any CPU
		Release|x86 = Release|x86
	EndGlobalSection
	GlobalSection(ProjectConfigurationPlatforms) = postSolution
		{4B26129F-A390-4C5A-B23A-330353D162E7}.Debug|Any CPU.ActiveCfg = Debug|Any CPU
		{4B26129F-A390-4C5A-B23A-330353D162E7}.Debug|Any CPU.Build.0 = Debug|Any CPU
		{4B26129F-A390-4C5A-B23A-330353D162E7}.Debug|x86.ActiveCfg = Debug|x86
		{4B26129F-A390-4C5A-B23A-330353D162E7}.Debug|x86.Build.0 = Debug|x86
		{4B26129F-A390-4C5A-B23A-330353D162E7}.Release|Any CPU.ActiveCfg = Release|Any CPU
		{4B26129F-A390-4C5A-B23A-330353D162E7}.Release|Any CPU.Build.0 = Release|Any CPU
		{4B26129F-A390-4C5A-B23A-330353D162E7}.Release|x86.ActiveCfg = Release|x86
		{4B26129F-A390-4C5A-B23A-330353D162E7}.Release|x86.Build.0 = Release|x86
		{918773CA-2A8D-4825-9516-DD1B4AFB8B46}.Debug|Any CPU.ActiveCfg = Debug|Any CPU
		{918773CA-2A8D-4825-9516-DD1B4AFB8B46}.Debug|Any CPU.Build.0 = Debug|Any CPU
		{918773CA-2A8D-4825-9516-DD1B4AFB8B46}.Debug|x86.ActiveCfg = Debug|x86
		{918773CA-2A8D-4825-9516-DD1B4AFB8B46}.Debug|x86.Build.0 = Debug|x86
		{918773CA-2A8D-4825-9516-DD1B4AFB8B46}.Release|Any CPU.ActiveCfg = Release|Any CPU
		{918773CA-2A8D-4825-9516-DD1B4AFB8B46}.Release|Any CPU.Build.0 = Release|Any CPU
		{918773CA-2A8D-4825-9516-DD1B4AFB8B46}.Release|x86.ActiveCfg = Release|x86
		{918773CA-2A8D-4825-9516-DD1B4AFB8B46}.Release|x86.Build.0 = Release|x86
		{B39FDB92-7420-487E-8B44-D9BC0B88D857}.Debug|Any CPU.ActiveCfg = Debug|Any CPU
		{B39FDB92-7420-487E-8B44-D9BC0B88D857}.Debug|Any CPU.Build.0 = Debug|Any CPU
		{B39FDB92-7420-487E-8B44-D9BC0B88D857}.Debug|x86.ActiveCfg = Debug|x86
		{B39FDB92-7420-487E-8B44-D9BC0B88D857}.Debug|x86.Build.0 = Debug|x86
		{B39FDB92-7420-487E-8B44-D9BC0B88D857}.Release|Any CPU.ActiveCfg = Release|Any CPU
		{B39FDB92-7420-487E-8B44-D9BC0B88D857}.Release|Any CPU.Build.0 = Release|Any CPU
		{B39FDB92-7420-487E-8B44-D9BC0B88D857}.Release|x86.ActiveCfg = Release|x86
		{B39FDB92-7420-487E-8B44-D9BC0B88D857}.Release|x86.Build.0 = Release|x86
		{B6A3B046-B13E-4BF5-A141-077E5A12B8C3}.Debug|Any CPU.ActiveCfg = Debug|Any CPU
		{B6A3B046-B13E-4BF5-A141-077E5A12B8C3}.Debug|Any CPU.Build.0 = Debug|Any CPU
		{B6A3B046-B13E-4BF5-A141-077E5A12B8C3}.Debug|x86.ActiveCfg = Debug|x86
		{B6A3B046-B13E-4BF5-A141-077E5A12B8C3}.Debug|x86.Build.0 = Debug|x86
		{B6A3B046-B13E-4BF5-A141-077E5A12B8C3}.Release|Any CPU.ActiveCfg = Release|Any CPU
		{B6A3B046-B13E-4BF5-A141-077E5A12B8C3}.Release|Any CPU.Build.0 = Release|Any CPU
		{B6A3B046-B13E-4BF5-A141-077E5A12B8C3}.Release|x86.ActiveCfg = Release|x86
		{B6A3B046-B13E-4BF5-A141-077E5A12B8C3}.Release|x86.Build.0 = Release|x86
		{E8C5B094-2CB4-4C26-87F0-351B03612179}.Debug|Any CPU.ActiveCfg = Debug|Any CPU
		{E8C5B094-2CB4-4C26-87F0-351B03612179}.Debug|Any CPU.Build.0 = Debug|Any CPU
		{E8C5B094-2CB4-4C26-87F0-351B03612179}.Debug|x86.ActiveCfg = Debug|x86
		{E8C5B094-2CB4-4C26-87F0-351B03612179}.Debug|x86.Build.0 = Debug|x86
		{E8C5B094-2CB4-4C26-87F0-351B03612179}.Release|Any CPU.ActiveCfg = Release|Any CPU
		{E8C5B094-2CB4-4C26-87F0-351B03612179}.Release|Any CPU.Build.0 = Release|Any CPU
		{E8C5B094-2CB4-4C26-87F0-351B03612179}.Release|x86.ActiveCfg = Release|x86
		{E8C5B094-2CB4-4C26-87F0-351B03612179}.Release|x86.Build.0 = Release|x86
		{AADB4269-0898-4390-A7DA-F834B7C2A41D}.Debug|Any CPU.ActiveCfg = Debug|Any CPU
		{AADB4269-0898-4390-A7DA-F834B7C2A41D}.Debug|Any CPU.Build.0 = Debug|Any CPU
		{AADB4269-0898-4390-A7DA-F834B7C2A41D}.Debug|x86.ActiveCfg = Debug|x86
		{AADB4269-0898-4390-A7DA-F834B7C2A41D}.Debug|x86.Build.0 = Debug|x86
		{AADB4269-0898-4390-A7DA-F834B7C2A41D}.Release|Any CPU.ActiveCfg = Release|Any CPU
		{AADB4269-0898-4390-A7DA-F834B7C2A41D}.Release|Any CPU.Build.0 = Release|Any CPU
		{AADB4269-0898-4390-A7DA-F834B7C2A41D}.Release|x86.ActiveCfg = Release|x86
		{AADB4269-0898-4390-A7DA-F834B7C2A41D}.Release|x86.Build.0 = Release|x86
	EndGlobalSection
	GlobalSection(SolutionProperties) = preSolution
		HideSolutionNode = FALSE
	EndGlobalSection
	GlobalSection(NestedProjects) = preSolution
		{B39FDB92-7420-487E-8B44-D9BC0B88D857} = {A1E4BCB3-E10C-43B3-B0DD-A2CC65162F7B}
		{B6A3B046-B13E-4BF5-A141-077E5A12B8C3} = {A1E4BCB3-E10C-43B3-B0DD-A2CC65162F7B}
		{E8C5B094-2CB4-4C26-87F0-351B03612179} = {A1E4BCB3-E10C-43B3-B0DD-A2CC65162F7B}
	EndGlobalSection
EndGlobal
