
Microsoft Visual Studio Solution File, Format Version 11.00
# Visual Studio 10
Project("{FAE04EC0-301F-11D3-BF4B-00C04F79EFBC}") = "SevenUpdate.Admin", "Admin\SevenUpdate.Admin.csproj", "{68BEA8BB-DE24-4E32-8462-8A83AA8519C6}"
EndProject
Project("{FAE04EC0-301F-11D3-BF4B-00C04F79EFBC}") = "Seven Update", "Main Progam\Seven Update.csproj", "{78B15332-C429-4B0D-A514-226A5B707449}"
	ProjectSection(ProjectDependencies) = postProject
		{68BEA8BB-DE24-4E32-8462-8A83AA8519C6} = {68BEA8BB-DE24-4E32-8462-8A83AA8519C6}
	EndProjectSection
EndProject
Project("{FAE04EC0-301F-11D3-BF4B-00C04F79EFBC}") = "SU Helper", "SU Helper\SU Helper.csproj", "{F2AB8F81-B047-4E84-B26F-2EAD43CF52F2}"
EndProject
Global
	GlobalSection(SolutionConfigurationPlatforms) = preSolution
		Debug|Any CPU = Debug|Any CPU
		Release|Any CPU = Release|Any CPU
	EndGlobalSection
	GlobalSection(ProjectConfigurationPlatforms) = postSolution
		{68BEA8BB-DE24-4E32-8462-8A83AA8519C6}.Debug|Any CPU.ActiveCfg = Debug|Any CPU
		{68BEA8BB-DE24-4E32-8462-8A83AA8519C6}.Debug|Any CPU.Build.0 = Debug|Any CPU
		{68BEA8BB-DE24-4E32-8462-8A83AA8519C6}.Release|Any CPU.ActiveCfg = Release|Any CPU
		{68BEA8BB-DE24-4E32-8462-8A83AA8519C6}.Release|Any CPU.Build.0 = Release|Any CPU
		{78B15332-C429-4B0D-A514-226A5B707449}.Debug|Any CPU.ActiveCfg = Debug|Any CPU
		{78B15332-C429-4B0D-A514-226A5B707449}.Debug|Any CPU.Build.0 = Debug|Any CPU
		{78B15332-C429-4B0D-A514-226A5B707449}.Release|Any CPU.ActiveCfg = Release|Any CPU
		{78B15332-C429-4B0D-A514-226A5B707449}.Release|Any CPU.Build.0 = Release|Any CPU
		{F2AB8F81-B047-4E84-B26F-2EAD43CF52F2}.Debug|Any CPU.ActiveCfg = Debug|Any CPU
		{F2AB8F81-B047-4E84-B26F-2EAD43CF52F2}.Debug|Any CPU.Build.0 = Debug|Any CPU
		{F2AB8F81-B047-4E84-B26F-2EAD43CF52F2}.Release|Any CPU.ActiveCfg = Release|Any CPU
	EndGlobalSection
	GlobalSection(SolutionProperties) = preSolution
		HideSolutionNode = FALSE
	EndGlobalSection
EndGlobal
