
Microsoft Visual Studio Solution File, Format Version 11.00
# Visual Studio 2010
Project("{FAE04EC0-301F-11D3-BF4B-00C04F79EFBC}") = "SevenUpdate", "SevenUpdate\SevenUpdate.csproj", "{2E657E42-F85A-49C4-AB26-8EC9488B8BCE}"
EndProject
Project("{FAE04EC0-301F-11D3-BF4B-00C04F79EFBC}") = "SevenUpdate.Admin", "SevenUpdate.Admin\SevenUpdate.Admin.csproj", "{762D246E-1DF7-4C49-8169-413AD897F8BD}"
EndProject
Project("{FAE04EC0-301F-11D3-BF4B-00C04F79EFBC}") = "SevenUpdate.Base", "SevenUpdate.Base\SevenUpdate.Base.csproj", "{918773CA-2A8D-4825-9516-DD1B4AFB8B46}"
EndProject
Project("{FAE04EC0-301F-11D3-BF4B-00C04F79EFBC}") = "SevenUpdate.Helper", "SevenUpdate.Helper\SevenUpdate.Helper.csproj", "{F2AB8F81-B047-4E84-B26F-2EAD43CF52F2}"
EndProject
Project("{FAE04EC0-301F-11D3-BF4B-00C04F79EFBC}") = "SharpBits.Base", "..\Externals\SharpBits.Base\SharpBits.Base.csproj", "{B39FDB92-7420-487E-8B44-D9BC0B88D857}"
EndProject
Project("{2150E333-8FDC-42A3-9474-1A3956D46DE8}") = "Externals", "Externals", "{41B4CBD3-E794-45D1-BE6F-F8B9D76A067D}"
EndProject
Project("{FAE04EC0-301F-11D3-BF4B-00C04F79EFBC}") = "SevenUpdate.Service", "SevenUpdate.Service\SevenUpdate.Service.csproj", "{DDB3F933-3284-4817-B1AD-AEB1DF19CA2D}"
EndProject
Project("{FAE04EC0-301F-11D3-BF4B-00C04F79EFBC}") = "SevenUpdate.Sdk", "SevenUpdate.Sdk\SevenUpdate.Sdk.csproj", "{4B26129F-A390-4C5A-B23A-330353D162E7}"
EndProject
Project("{FAE04EC0-301F-11D3-BF4B-00C04F79EFBC}") = "WPFLocalizeExtension", "..\Externals\WPFLocalizeExtension\WPFLocalizeExtension.csproj", "{E8C5B094-2CB4-4C26-87F0-351B03612179}"
EndProject
Project("{FAE04EC0-301F-11D3-BF4B-00C04F79EFBC}") = "System.Windows", "..\Externals\System.Windows\System.Windows.csproj", "{B6A3B046-B13E-4BF5-A141-077E5A12B8C3}"
EndProject
Global
	GlobalSection(SolutionConfigurationPlatforms) = preSolution
		Debug|Any CPU = Debug|Any CPU
		Debug|x86 = Debug|x86
		Release|Any CPU = Release|Any CPU
		Release|x86 = Release|x86
	EndGlobalSection
	GlobalSection(ProjectConfigurationPlatforms) = postSolution
		{2E657E42-F85A-49C4-AB26-8EC9488B8BCE}.Debug|Any CPU.ActiveCfg = Debug|Any CPU
		{2E657E42-F85A-49C4-AB26-8EC9488B8BCE}.Debug|Any CPU.Build.0 = Debug|Any CPU
		{2E657E42-F85A-49C4-AB26-8EC9488B8BCE}.Debug|x86.ActiveCfg = Debug|x86
		{2E657E42-F85A-49C4-AB26-8EC9488B8BCE}.Debug|x86.Build.0 = Debug|x86
		{2E657E42-F85A-49C4-AB26-8EC9488B8BCE}.Release|Any CPU.ActiveCfg = Release|Any CPU
		{2E657E42-F85A-49C4-AB26-8EC9488B8BCE}.Release|Any CPU.Build.0 = Release|Any CPU
		{2E657E42-F85A-49C4-AB26-8EC9488B8BCE}.Release|x86.ActiveCfg = Release|x86
		{2E657E42-F85A-49C4-AB26-8EC9488B8BCE}.Release|x86.Build.0 = Release|x86
		{762D246E-1DF7-4C49-8169-413AD897F8BD}.Debug|Any CPU.ActiveCfg = Debug|Any CPU
		{762D246E-1DF7-4C49-8169-413AD897F8BD}.Debug|Any CPU.Build.0 = Debug|Any CPU
		{762D246E-1DF7-4C49-8169-413AD897F8BD}.Debug|x86.ActiveCfg = Debug|x86
		{762D246E-1DF7-4C49-8169-413AD897F8BD}.Debug|x86.Build.0 = Debug|x86
		{762D246E-1DF7-4C49-8169-413AD897F8BD}.Release|Any CPU.ActiveCfg = Release|Any CPU
		{762D246E-1DF7-4C49-8169-413AD897F8BD}.Release|Any CPU.Build.0 = Release|Any CPU
		{762D246E-1DF7-4C49-8169-413AD897F8BD}.Release|x86.ActiveCfg = Release|x86
		{762D246E-1DF7-4C49-8169-413AD897F8BD}.Release|x86.Build.0 = Release|x86
		{918773CA-2A8D-4825-9516-DD1B4AFB8B46}.Debug|Any CPU.ActiveCfg = Debug|Any CPU
		{918773CA-2A8D-4825-9516-DD1B4AFB8B46}.Debug|Any CPU.Build.0 = Debug|Any CPU
		{918773CA-2A8D-4825-9516-DD1B4AFB8B46}.Debug|x86.ActiveCfg = Debug|x86
		{918773CA-2A8D-4825-9516-DD1B4AFB8B46}.Debug|x86.Build.0 = Debug|x86
		{918773CA-2A8D-4825-9516-DD1B4AFB8B46}.Release|Any CPU.ActiveCfg = Release|Any CPU
		{918773CA-2A8D-4825-9516-DD1B4AFB8B46}.Release|Any CPU.Build.0 = Release|Any CPU
		{918773CA-2A8D-4825-9516-DD1B4AFB8B46}.Release|x86.ActiveCfg = Release|x86
		{918773CA-2A8D-4825-9516-DD1B4AFB8B46}.Release|x86.Build.0 = Release|x86
		{F2AB8F81-B047-4E84-B26F-2EAD43CF52F2}.Debug|Any CPU.ActiveCfg = Debug|Any CPU
		{F2AB8F81-B047-4E84-B26F-2EAD43CF52F2}.Debug|Any CPU.Build.0 = Debug|Any CPU
		{F2AB8F81-B047-4E84-B26F-2EAD43CF52F2}.Debug|x86.ActiveCfg = Debug|x86
		{F2AB8F81-B047-4E84-B26F-2EAD43CF52F2}.Debug|x86.Build.0 = Debug|x86
		{F2AB8F81-B047-4E84-B26F-2EAD43CF52F2}.Release|Any CPU.ActiveCfg = Release|Any CPU
		{F2AB8F81-B047-4E84-B26F-2EAD43CF52F2}.Release|Any CPU.Build.0 = Release|Any CPU
		{F2AB8F81-B047-4E84-B26F-2EAD43CF52F2}.Release|x86.ActiveCfg = Release|x86
		{F2AB8F81-B047-4E84-B26F-2EAD43CF52F2}.Release|x86.Build.0 = Release|x86
		{B39FDB92-7420-487E-8B44-D9BC0B88D857}.Debug|Any CPU.ActiveCfg = Debug|Any CPU
		{B39FDB92-7420-487E-8B44-D9BC0B88D857}.Debug|Any CPU.Build.0 = Debug|Any CPU
		{B39FDB92-7420-487E-8B44-D9BC0B88D857}.Debug|x86.ActiveCfg = Debug|x86
		{B39FDB92-7420-487E-8B44-D9BC0B88D857}.Debug|x86.Build.0 = Debug|x86
		{B39FDB92-7420-487E-8B44-D9BC0B88D857}.Release|Any CPU.ActiveCfg = Release|Any CPU
		{B39FDB92-7420-487E-8B44-D9BC0B88D857}.Release|Any CPU.Build.0 = Release|Any CPU
		{B39FDB92-7420-487E-8B44-D9BC0B88D857}.Release|x86.ActiveCfg = Release|x86
		{B39FDB92-7420-487E-8B44-D9BC0B88D857}.Release|x86.Build.0 = Release|x86
		{DDB3F933-3284-4817-B1AD-AEB1DF19CA2D}.Debug|Any CPU.ActiveCfg = Debug|Any CPU
		{DDB3F933-3284-4817-B1AD-AEB1DF19CA2D}.Debug|Any CPU.Build.0 = Debug|Any CPU
		{DDB3F933-3284-4817-B1AD-AEB1DF19CA2D}.Debug|x86.ActiveCfg = Debug|x86
		{DDB3F933-3284-4817-B1AD-AEB1DF19CA2D}.Debug|x86.Build.0 = Debug|x86
		{DDB3F933-3284-4817-B1AD-AEB1DF19CA2D}.Release|Any CPU.ActiveCfg = Release|Any CPU
		{DDB3F933-3284-4817-B1AD-AEB1DF19CA2D}.Release|Any CPU.Build.0 = Release|Any CPU
		{DDB3F933-3284-4817-B1AD-AEB1DF19CA2D}.Release|x86.ActiveCfg = Release|x86
		{DDB3F933-3284-4817-B1AD-AEB1DF19CA2D}.Release|x86.Build.0 = Release|x86
		{4B26129F-A390-4C5A-B23A-330353D162E7}.Debug|Any CPU.ActiveCfg = Debug|Any CPU
		{4B26129F-A390-4C5A-B23A-330353D162E7}.Debug|Any CPU.Build.0 = Debug|Any CPU
		{4B26129F-A390-4C5A-B23A-330353D162E7}.Debug|x86.ActiveCfg = Debug|x86
		{4B26129F-A390-4C5A-B23A-330353D162E7}.Debug|x86.Build.0 = Debug|x86
		{4B26129F-A390-4C5A-B23A-330353D162E7}.Release|Any CPU.ActiveCfg = Release|Any CPU
		{4B26129F-A390-4C5A-B23A-330353D162E7}.Release|Any CPU.Build.0 = Release|Any CPU
		{4B26129F-A390-4C5A-B23A-330353D162E7}.Release|x86.ActiveCfg = Release|x86
		{4B26129F-A390-4C5A-B23A-330353D162E7}.Release|x86.Build.0 = Release|x86
		{E8C5B094-2CB4-4C26-87F0-351B03612179}.Debug|Any CPU.ActiveCfg = Debug|Any CPU
		{E8C5B094-2CB4-4C26-87F0-351B03612179}.Debug|Any CPU.Build.0 = Debug|Any CPU
		{E8C5B094-2CB4-4C26-87F0-351B03612179}.Debug|x86.ActiveCfg = Debug|x86
		{E8C5B094-2CB4-4C26-87F0-351B03612179}.Debug|x86.Build.0 = Debug|x86
		{E8C5B094-2CB4-4C26-87F0-351B03612179}.Release|Any CPU.ActiveCfg = Release|Any CPU
		{E8C5B094-2CB4-4C26-87F0-351B03612179}.Release|Any CPU.Build.0 = Release|Any CPU
		{E8C5B094-2CB4-4C26-87F0-351B03612179}.Release|x86.ActiveCfg = Release|x86
		{E8C5B094-2CB4-4C26-87F0-351B03612179}.Release|x86.Build.0 = Release|x86
		{B6A3B046-B13E-4BF5-A141-077E5A12B8C3}.Debug|Any CPU.ActiveCfg = Debug|Any CPU
		{B6A3B046-B13E-4BF5-A141-077E5A12B8C3}.Debug|Any CPU.Build.0 = Debug|Any CPU
		{B6A3B046-B13E-4BF5-A141-077E5A12B8C3}.Debug|x86.ActiveCfg = Debug|x86
		{B6A3B046-B13E-4BF5-A141-077E5A12B8C3}.Debug|x86.Build.0 = Debug|x86
		{B6A3B046-B13E-4BF5-A141-077E5A12B8C3}.Release|Any CPU.ActiveCfg = Release|Any CPU
		{B6A3B046-B13E-4BF5-A141-077E5A12B8C3}.Release|Any CPU.Build.0 = Release|Any CPU
		{B6A3B046-B13E-4BF5-A141-077E5A12B8C3}.Release|x86.ActiveCfg = Release|x86
		{B6A3B046-B13E-4BF5-A141-077E5A12B8C3}.Release|x86.Build.0 = Release|x86
	EndGlobalSection
	GlobalSection(SolutionProperties) = preSolution
		HideSolutionNode = FALSE
	EndGlobalSection
	GlobalSection(NestedProjects) = preSolution
		{B39FDB92-7420-487E-8B44-D9BC0B88D857} = {41B4CBD3-E794-45D1-BE6F-F8B9D76A067D}
		{E8C5B094-2CB4-4C26-87F0-351B03612179} = {41B4CBD3-E794-45D1-BE6F-F8B9D76A067D}
		{B6A3B046-B13E-4BF5-A141-077E5A12B8C3} = {41B4CBD3-E794-45D1-BE6F-F8B9D76A067D}
	EndGlobalSection
EndGlobal
